
Microsoft Visual Studio Solution File, Format Version 12.00
# Visual Studio Version 16
VisualStudioVersion = 16.0.810.25
MinimumVisualStudioVersion = 10.0.40219.1
Project("{FAE04EC0-301F-11D3-BF4B-00C04F79EFBC}") = "SchoolAbsence", "SchoolAbsence.csproj", "{FC1FDA06-1B87-4E55-AB0E-97CCBCA3CE70}"
EndProject
Global
	GlobalSection(SolutionConfigurationPlatforms) = preSolution
		Debug|Any CPU = Debug|Any CPU
		Release|Any CPU = Release|Any CPU
	EndGlobalSection
	GlobalSection(ProjectConfigurationPlatforms) = postSolution
		{FC1FDA06-1B87-4E55-AB0E-97CCBCA3CE70}.Debug|Any CPU.ActiveCfg = Debug|Any CPU
		{FC1FDA06-1B87-4E55-AB0E-97CCBCA3CE70}.Debug|Any CPU.Build.0 = Debug|Any CPU
		{FC1FDA06-1B87-4E55-AB0E-97CCBCA3CE70}.Release|Any CPU.ActiveCfg = Release|Any CPU
		{FC1FDA06-1B87-4E55-AB0E-97CCBCA3CE70}.Release|Any CPU.Build.0 = Release|Any CPU
	EndGlobalSection
	GlobalSection(SolutionProperties) = preSolution
		HideSolutionNode = FALSE
	EndGlobalSection
	GlobalSection(ExtensibilityGlobals) = postSolution
		SolutionGuid = {7CAFD8AC-9DF1-41B4-83FB-796DB557E9A1}
	EndGlobalSection
EndGlobal
